# @generated - this file is auto-generated by `mise lock` https://mise.jdx.dev/dev-tools/mise-lock.html

lockfile_version = 1

[[tools.go]]
version = "1.26.8"
backend = "core:go"
specifiers = ["1.26.8"]

[tools.go."platforms.linux-arm64"]
checksum = "sha256:211ffced9dcb9633a55eac6364816ec0ddd951389a740e88fa8b3337971bdda0"
url = "https://dl.google.com/go/go1.26.8.linux-arm64.tar.gz"

[tools.go."platforms.linux-arm64-musl"]
checksum = "sha256:211ffced9dcb9633a55eac6364816ec0ddd951389a740e88fa8b3337971bdda0"
url = "https://dl.google.com/go/go1.26.8.linux-arm64.tar.gz"

[tools.go."platforms.linux-x64"]
checksum = "sha256:d0f743b33e8d8945e6b1f432edd15785c70507121d6e2a723b21285eddf8b57b"
url = "https://dl.google.com/go/go1.26.8.linux-amd64.tar.gz"

[tools.go."platforms.linux-x64-musl"]
checksum = "sha256:d0f743b33e8d8945e6b1f432edd15785c70507121d6e2a723b21285eddf8b57b"
url = "https://dl.google.com/go/go1.26.8.linux-amd64.tar.gz"

[tools.go."platforms.macos-arm64"]
checksum = "sha256:a012b25b571bd0138a03dcd25375ceba866fe5ca822f426d2c66a4de56fd3f4b"
url = "https://dl.google.com/go/go1.26.8.darwin-arm64.tar.gz"

[tools.go."platforms.macos-x64"]
checksum = "sha256:186be014105aa6542b767d2c6ed5cca10a0214bdff809ef1724022a8c7894150"
url = "https://dl.google.com/go/go1.26.8.darwin-amd64.tar.gz"

[tools.go."platforms.windows-x64"]
checksum = "sha256:b92c3b2adae85a11ba71fe7216daf0d84e82af4c8ab6c5625807f28622043a59"
url = "https://dl.google.com/go/go1.26.8.windows-amd64.zip"

[[tools.node]]
version = "24.21.0"
backend = "core:node"
specifiers = ["24.21.0"]

[tools.node."platforms.linux-arm64"]
checksum = "sha256:724282c3b43aec998aa9527380465b45d229e021b58035f5f4f63095eabfe5d5"
url = "https://nodejs.org/dist/v24.21.0/node-v24.21.0-linux-arm64.tar.gz"

[tools.node."platforms.linux-arm64-musl"]
checksum = "sha256:3048b0811e158ca0d8672b59c839861763e144492980d8d29b369dfee45747e4"
url = "https://unofficial-builds.nodejs.org/download/release/v24.21.0/node-v24.21.0-linux-arm64-musl.tar.gz"

[tools.node."platforms.linux-x64"]
checksum = "sha256:6e1db87ef58b8819e5d5402eff1536491b18edd8eb7bee5ef7897876e88dc5ff"
url = "https://nodejs.org/dist/v24.21.0/node-v24.21.0-linux-x64.tar.gz"

[tools.node."platforms.linux-x64-musl"]
checksum = "sha256:01a713e34da98e7b4d2a3191ee7ca3f93dd0384d1a2ef23c379b2161ee6e133a"
url = "https://unofficial-builds.nodejs.org/download/release/v24.21.0/node-v24.21.0-linux-x64-musl.tar.gz"

[tools.node."platforms.macos-arm64"]
checksum = "sha256:bed7eea5325e1108f32ce5228ddd6a5f0f08a499ee42aa7442aea583702f6057"
url = "https://nodejs.org/dist/v24.21.0/node-v24.21.0-darwin-arm64.tar.gz"

[tools.node."platforms.macos-x64"]
checksum = "sha256:1462cb3b3046b815cf8ea436d3da450ec1a9f11dac7e5a46b0ada5305d7e8097"
url = "https://nodejs.org/dist/v24.21.0/node-v24.21.0-darwin-x64.tar.gz"

[tools.node."platforms.windows-x64"]
checksum = "sha256:158f7685b44de51f6c0df1d153526cbcd3e1bc739a8dfc607721cef75de9e541"
url = "https://nodejs.org/dist/v24.21.0/node-v24.21.0-win-x64.zip"

[[tools.pnpm]]
version = "11.20.0"
backend = "aqua:pnpm/pnpm"
specifiers = [
    "11.20.0",
    "latest",
]

[tools.pnpm."platforms.linux-arm64"]
checksum = "sha256:f00fc2041bb41742b7943bf2bb24183ad20320e8384824a8031eb94edf2f57a5"
url = "https://github.com/pnpm/pnpm/releases/download/v11.20.0/pnpm-linux-arm64.tar.gz"
url_api = "https://api.github.com/repos/pnpm/pnpm/releases/assets/500142378"
provenance = "github-attestations"

[tools.pnpm."platforms.linux-arm64-musl"]
checksum = "sha256:2a21235d3f0fbfbcb9e530b9a98f2c64dcee95d1d5d1c2d04428255c7b85f32c"
url = "https://github.com/pnpm/pnpm/releases/download/v11.20.0/pnpm-linux-arm64-musl.tar.gz"
url_api = "https://api.github.com/repos/pnpm/pnpm/releases/assets/500142372"
provenance = "github-attestations"

[tools.pnpm."platforms.linux-x64"]
checksum = "sha256:b4ad6ad2b21db2f8cd50af416c3aa148ba704c31c84893f465a770a01c2c4572"
url = "https://github.com/pnpm/pnpm/releases/download/v11.20.0/pnpm-linux-x64.tar.gz"
url_api = "https://api.github.com/repos/pnpm/pnpm/releases/assets/500142376"
provenance = "github-attestations"

[tools.pnpm."platforms.linux-x64-musl"]
checksum = "sha256:db046881c027f1a2d69e9a530a21a62c2bced4ba8ff437e7300426ae56951fe4"
url = "https://github.com/pnpm/pnpm/releases/download/v11.20.0/pnpm-linux-x64-musl.tar.gz"
url_api = "https://api.github.com/repos/pnpm/pnpm/releases/assets/500142377"
provenance = "github-attestations"

[tools.pnpm."platforms.macos-arm64"]
checksum = "sha256:4bc97fea72e5c92eec1fefc8d410c35d01e0d0d52f3160c59f38c32db58b5cd2"
url = "https://github.com/pnpm/pnpm/releases/download/v11.20.0/pnpm-darwin-arm64.tar.gz"
url_api = "https://api.github.com/repos/pnpm/pnpm/releases/assets/500142373"
provenance = "github-attestations"

[tools.pnpm."platforms.windows-x64"]
checksum = "sha256:ea2528bdc3d96a1ff3c35587dc48ca692b39d77f08f26df4adeaaa9eb427024e"
url = "https://github.com/pnpm/pnpm/releases/download/v11.20.0/pnpm-win32-x64.zip"
url_api = "https://api.github.com/repos/pnpm/pnpm/releases/assets/500142371"
provenance = "github-attestations"
